
Microsoft Visual Studio Solution File, Format Version 12.00
# Visual Studio Version 17
VisualStudioVersion = 17.9.34714.143
MinimumVisualStudioVersion = 10.0.40219.1
Project("{FAE04EC0-301F-11D3-BF4B-00C04F79EFBC}") = "ReverseString", "ReverseString\ReverseString.csproj", "{6DFFEBCB-A89B-4BB8-B895-F0F55FA73305}"
EndProject
Global
	GlobalSection(SolutionConfigurationPlatforms) = preSolution
		Debug|Any CPU = Debug|Any CPU
		Release|Any CPU = Release|Any CPU
	EndGlobalSection
	GlobalSection(ProjectConfigurationPlatforms) = postSolution
		{6DFFEBCB-A89B-4BB8-B895-F0F55FA73305}.Debug|Any CPU.ActiveCfg = Debug|Any CPU
		{6DFFEBCB-A89B-4BB8-B895-F0F55FA73305}.Debug|Any CPU.Build.0 = Debug|Any CPU
		{6DFFEBCB-A89B-4BB8-B895-F0F55FA73305}.Release|Any CPU.ActiveCfg = Release|Any CPU
		{6DFFEBCB-A89B-4BB8-B895-F0F55FA73305}.Release|Any CPU.Build.0 = Release|Any CPU
	EndGlobalSection
	GlobalSection(SolutionProperties) = preSolution
		HideSolutionNode = FALSE
	EndGlobalSection
	GlobalSection(ExtensibilityGlobals) = postSolution
		SolutionGuid = {5AF060B3-DEC9-4E79-BC80-47D2325FDC17}
	EndGlobalSection
EndGlobal
