
Microsoft Visual Studio Solution File, Format Version 12.00
# Visual Studio Version 17
VisualStudioVersion = 17.9.34714.143
MinimumVisualStudioVersion = 10.0.40219.1
Project("{FAE04EC0-301F-11D3-BF4B-00C04F79EFBC}") = "ContainsDuplicate", "ContainsDuplicate\ContainsDuplicate.csproj", "{4B7D74F3-9EC0-4662-B557-3A21E646B61E}"
EndProject
Global
	GlobalSection(SolutionConfigurationPlatforms) = preSolution
		Debug|Any CPU = Debug|Any CPU
		Release|Any CPU = Release|Any CPU
	EndGlobalSection
	GlobalSection(ProjectConfigurationPlatforms) = postSolution
		{4B7D74F3-9EC0-4662-B557-3A21E646B61E}.Debug|Any CPU.ActiveCfg = Debug|Any CPU
		{4B7D74F3-9EC0-4662-B557-3A21E646B61E}.Debug|Any CPU.Build.0 = Debug|Any CPU
		{4B7D74F3-9EC0-4662-B557-3A21E646B61E}.Release|Any CPU.ActiveCfg = Release|Any CPU
		{4B7D74F3-9EC0-4662-B557-3A21E646B61E}.Release|Any CPU.Build.0 = Release|Any CPU
	EndGlobalSection
	GlobalSection(SolutionProperties) = preSolution
		HideSolutionNode = FALSE
	EndGlobalSection
	GlobalSection(ExtensibilityGlobals) = postSolution
		SolutionGuid = {6AD5210E-80D8-44A8-8446-34EBC1383A5B}
	EndGlobalSection
EndGlobal
