
Microsoft Visual Studio Solution File, Format Version 12.00
# Visual Studio Version 17
VisualStudioVersion = 17.9.34714.143
MinimumVisualStudioVersion = 10.0.40219.1
Project("{FAE04EC0-301F-11D3-BF4B-00C04F79EFBC}") = "MoveZeroes", "MoveZeroes\MoveZeroes.csproj", "{8DB8775C-B902-4FCE-ACD1-708C5B501A55}"
EndProject
Global
	GlobalSection(SolutionConfigurationPlatforms) = preSolution
		Debug|Any CPU = Debug|Any CPU
		Release|Any CPU = Release|Any CPU
	EndGlobalSection
	GlobalSection(ProjectConfigurationPlatforms) = postSolution
		{8DB8775C-B902-4FCE-ACD1-708C5B501A55}.Debug|Any CPU.ActiveCfg = Debug|Any CPU
		{8DB8775C-B902-4FCE-ACD1-708C5B501A55}.Debug|Any CPU.Build.0 = Debug|Any CPU
		{8DB8775C-B902-4FCE-ACD1-708C5B501A55}.Release|Any CPU.ActiveCfg = Release|Any CPU
		{8DB8775C-B902-4FCE-ACD1-708C5B501A55}.Release|Any CPU.Build.0 = Release|Any CPU
	EndGlobalSection
	GlobalSection(SolutionProperties) = preSolution
		HideSolutionNode = FALSE
	EndGlobalSection
	GlobalSection(ExtensibilityGlobals) = postSolution
		SolutionGuid = {74ABE2F0-6298-4C8B-898B-ABCE820286CC}
	EndGlobalSection
EndGlobal
